<?xml version="1.0" encoding="UTF-8" standalone="yes" ?>
<CodeBlocks_project_file>
	<FileVersion major="1" minor="6" />
	<Project>
		<Option title="MFEditorProject" />
		<Option pch_mode="2" />
		<Option compiler="gcc" />
		<Build>
			<Target title="Debug">
				<Option output="Binaries/Debug/MFEditorProject" prefix_auto="1" extension_auto="1" />
				<Option working_dir="Binaries/Debug" />
				<Option object_output="Objects/Debug/" />
				<Option type="1" />
				<Option compiler="gcc" />
				<Compiler>
					<Add option="-g" />
					<Add option="-DDEBUGMODE" />
				</Compiler>
				<Linker>
					<Add library="fmodex" />
					<Add library="sfml-graphics-d" />
					<Add library="sfml-window-d" />
					<Add library="sfml-system-d" />
				</Linker>
			</Target>
			<Target title="Release">
				<Option output="Binaries/Release/Mario Constructor Master" prefix_auto="1" extension_auto="1" />
				<Option working_dir="Binaries/Release" />
				<Option object_output="Objects/Release/" />
				<Option type="0" />
				<Option compiler="gcc" />
				<Compiler>
					<Add option="-fno-exceptions" />
					<Add option="-fdelete-null-pointer-checks" />
					<Add option="-fomit-frame-pointer" />
					<Add option="-fexpensive-optimizations" />
					<Add option="-O3" />
				</Compiler>
				<Linker>
					<Add option="-s" />
					<Add library="fmodex" />
					<Add library="sfml-graphics" />
					<Add library="sfml-window" />
					<Add library="sfml-system" />
				</Linker>
			</Target>
		</Build>
		<Compiler>
			<Add option="-Wall" />
			<Add option="-std=c++11" />
			<Add option='-D_WIN32_IE=&quot;0x0510&quot;' />
			<Add option="-D__CYGWIN32__" />
			<Add directory="C:/Mingw32/Libraries/Graphics/SFML 2.5.1/include" />
			<Add directory="C:/Mingw32/Libraries/Audio/FMOD/include" />
		</Compiler>
		<Linker>
			<Add library="comdlg32" />
			<Add library="shlwapi" />
			<Add directory="C:/Mingw32/Libraries/Graphics/SFML 2.5.1/lib" />
			<Add directory="C:/Mingw32/Libraries/Audio/FMOD/lib" />
		</Linker>
		<Unit filename="Headers/Bonuses/bonus_beetblock.hpp" />
		<Unit filename="Headers/Bonuses/bonus_beetblockinv.hpp" />
		<Unit filename="Headers/Bonuses/bonus_block.hpp" />
		<Unit filename="Headers/Bonuses/bonus_blockinv.hpp" />
		<Unit filename="Headers/Bonuses/bonus_brick.hpp" />
		<Unit filename="Headers/Bonuses/bonus_coin.hpp" />
		<Unit filename="Headers/Bonuses/bonus_coinblock.hpp" />
		<Unit filename="Headers/Bonuses/bonus_coinblockinv.hpp" />
		<Unit filename="Headers/Bonuses/bonus_coinbrick.hpp" />
		<Unit filename="Headers/Bonuses/bonus_flowerblock.hpp" />
		<Unit filename="Headers/Bonuses/bonus_flowerblockinv.hpp" />
		<Unit filename="Headers/Bonuses/bonus_lifeblock.hpp" />
		<Unit filename="Headers/Bonuses/bonus_lifeblockinv.hpp" />
		<Unit filename="Headers/Bonuses/bonus_luiblock.hpp" />
		<Unit filename="Headers/Bonuses/bonus_luiblockinv.hpp" />
		<Unit filename="Headers/Bonuses/bonus_mushroomblock.hpp" />
		<Unit filename="Headers/Bonuses/bonus_mushroomblockinv.hpp" />
		<Unit filename="Headers/Bonuses/bonus_poisonblock.hpp" />
		<Unit filename="Headers/Bonuses/bonus_poisonblockinv.hpp" />
		<Unit filename="Headers/Bonuses/bonus_starblock.hpp" />
		<Unit filename="Headers/Bonuses/bonus_starblockinv.hpp" />
		<Unit filename="Headers/Core/collider.hpp" />
		<Unit filename="Headers/Core/effect.hpp" />
		<Unit filename="Headers/Core/matrix.hpp" />
		<Unit filename="Headers/Core/pawn.hpp" />
		<Unit filename="Headers/Core/placeable.hpp" />
		<Unit filename="Headers/Core/platformfall.hpp" />
		<Unit filename="Headers/Core/platformmov.hpp" />
		<Unit filename="Headers/Core/projectile.hpp" />
		<Unit filename="Headers/Core/scene.hpp">
			<Option compile="1" />
		</Unit>
		<Unit filename="Headers/Graphics/button.hpp" />
		<Unit filename="Headers/Graphics/case.hpp" />
		<Unit filename="Headers/Graphics/centipedeentity.hpp" />
		<Unit filename="Headers/Graphics/checkbutton.hpp" />
		<Unit filename="Headers/Graphics/dragger.hpp" />
		<Unit filename="Headers/Graphics/elementbutton.hpp" />
		<Unit filename="Headers/Graphics/emitter.hpp" />
		<Unit filename="Headers/Graphics/entity.hpp" />
		<Unit filename="Headers/Graphics/entityj.hpp" />
		<Unit filename="Headers/Graphics/entitymultitext.hpp" />
		<Unit filename="Headers/Graphics/entityrotation.hpp" />
		<Unit filename="Headers/Graphics/entwarps.hpp" />
		<Unit filename="Headers/Graphics/fallplatformentity.hpp" />
		<Unit filename="Headers/Graphics/horizontalenemyentity.hpp" />
		<Unit filename="Headers/Graphics/horizontalplatformentity.hpp" />
		<Unit filename="Headers/Graphics/infobutton.hpp" />
		<Unit filename="Headers/Graphics/levelendentity.hpp" />
		<Unit filename="Headers/Graphics/lightentity.hpp" />
		<Unit filename="Headers/Graphics/markerentity.hpp" />
		<Unit filename="Headers/Graphics/podoboodentity.hpp" />
		<Unit filename="Headers/Graphics/podobooentity.hpp" />
		<Unit filename="Headers/Graphics/podoboolentity.hpp" />
		<Unit filename="Headers/Graphics/podoboorentity.hpp" />
		<Unit filename="Headers/Graphics/regulator.hpp" />
		<Unit filename="Headers/Graphics/rotodiscentity.hpp" />
		<Unit filename="Headers/Graphics/spritefont.hpp" />
		<Unit filename="Headers/Graphics/tile.hpp" />
		<Unit filename="Headers/Graphics/trace.hpp" />
		<Unit filename="Headers/Graphics/trigger.hpp" />
		<Unit filename="Headers/Graphics/verticalenemyentity.hpp" />
		<Unit filename="Headers/Graphics/verticalplatformentity.hpp" />
		<Unit filename="Headers/Hazards/hazard_cannon.hpp" />
		<Unit filename="Headers/Hazards/hazard_cannonhb.hpp" />
		<Unit filename="Headers/Hazards/hazard_cannonhoming.hpp" />
		<Unit filename="Headers/Hazards/hazard_cannonhominghb.hpp" />
		<Unit filename="Headers/Hazards/hazard_cannonhominght.hpp" />
		<Unit filename="Headers/Hazards/hazard_cannonhomingvl.hpp" />
		<Unit filename="Headers/Hazards/hazard_cannonhomingvr.hpp" />
		<Unit filename="Headers/Hazards/hazard_cannonht.hpp" />
		<Unit filename="Headers/Hazards/hazard_cannonvl.hpp" />
		<Unit filename="Headers/Hazards/hazard_cannonvr.hpp" />
		<Unit filename="Headers/Hazards/hazard_centipede.hpp" />
		<Unit filename="Headers/Hazards/hazard_lava.hpp" />
		<Unit filename="Headers/Hazards/hazard_lavab.hpp" />
		<Unit filename="Headers/Hazards/hazard_laval.hpp" />
		<Unit filename="Headers/Hazards/hazard_lavalauncher.hpp" />
		<Unit filename="Headers/Hazards/hazard_lavalauncherl.hpp" />
		<Unit filename="Headers/Hazards/hazard_lavalauncherr.hpp" />
		<Unit filename="Headers/Hazards/hazard_lavalaunchervl.hpp" />
		<Unit filename="Headers/Hazards/hazard_lavalaunchervr.hpp" />
		<Unit filename="Headers/Hazards/hazard_lavar.hpp" />
		<Unit filename="Headers/Hazards/hazard_lavat.hpp" />
		<Unit filename="Headers/Hazards/hazard_podoboo.hpp" />
		<Unit filename="Headers/Hazards/hazard_podoboob.hpp" />
		<Unit filename="Headers/Hazards/hazard_podoboofountain.hpp" />
		<Unit filename="Headers/Hazards/hazard_podoboofountainb.hpp" />
		<Unit filename="Headers/Hazards/hazard_podoboofountainl.hpp" />
		<Unit filename="Headers/Hazards/hazard_podoboofountainr.hpp" />
		<Unit filename="Headers/Hazards/hazard_podoboofountaint.hpp" />
		<Unit filename="Headers/Hazards/hazard_podobool.hpp" />
		<Unit filename="Headers/Hazards/hazard_podoboor.hpp" />
		<Unit filename="Headers/Hazards/hazard_podoboot.hpp" />
		<Unit filename="Headers/Hazards/hazard_rotodisc.hpp" />
		<Unit filename="Headers/Hazards/hazard_rotodiscc.hpp" />
		<Unit filename="Headers/Hazards/hazard_rotodisccc.hpp" />
		<Unit filename="Headers/Hazards/hazard_rotodiscrc.hpp" />
		<Unit filename="Headers/Hazards/hazard_rotodiscrcc.hpp" />
		<Unit filename="Headers/Hazards/hazard_spike.hpp" />
		<Unit filename="Headers/Hazards/hazard_spikelauncher.hpp" />
		<Unit filename="Headers/Hazards/hazard_spikelauncherb.hpp" />
		<Unit filename="Headers/Hazards/hazard_spikelaunchert.hpp" />
		<Unit filename="Headers/Marks/mark_checkpoint.hpp" />
		<Unit filename="Headers/Marks/mark_lavaplane.hpp" />
		<Unit filename="Headers/Marks/mark_levelend.hpp" />
		<Unit filename="Headers/Marks/mark_liquidplane.hpp" />
		<Unit filename="Headers/Marks/mark_mario.hpp" />
		<Unit filename="Headers/Marks/mark_platformcloudfall.hpp" />
		<Unit filename="Headers/Marks/mark_platformcloudmoveh.hpp" />
		<Unit filename="Headers/Marks/mark_platformcloudmovev.hpp" />
		<Unit filename="Headers/Marks/mark_platformcloudtouchh.hpp" />
		<Unit filename="Headers/Marks/mark_platformcloudtouchv.hpp" />
		<Unit filename="Headers/Marks/mark_platformredfall.hpp" />
		<Unit filename="Headers/Marks/mark_platformredmoveh.hpp" />
		<Unit filename="Headers/Marks/mark_platformredmovev.hpp" />
		<Unit filename="Headers/Marks/mark_platformredtouchh.hpp" />
		<Unit filename="Headers/Marks/mark_platformredtouchv.hpp" />
		<Unit filename="Headers/Marks/mark_platformshortfall.hpp" />
		<Unit filename="Headers/Marks/mark_platformshortmoveh.hpp" />
		<Unit filename="Headers/Marks/mark_platformshortmovev.hpp" />
		<Unit filename="Headers/Marks/mark_platformshorttouchh.hpp" />
		<Unit filename="Headers/Marks/mark_platformshorttouchv.hpp" />
		<Unit filename="Headers/Marks/mark_platformstonefall.hpp" />
		<Unit filename="Headers/Marks/mark_platformstonemoveh.hpp" />
		<Unit filename="Headers/Marks/mark_platformstonemovev.hpp" />
		<Unit filename="Headers/Marks/mark_platformstonetouchh.hpp" />
		<Unit filename="Headers/Marks/mark_platformstonetouchv.hpp" />
		<Unit filename="Headers/Marks/mark_spring.hpp" />
		<Unit filename="Headers/Marks/mark_waterplane.hpp" />
		<Unit filename="Headers/Miscs/effect_coin.hpp" />
		<Unit filename="Headers/Miscs/effect_fire.hpp" />
		<Unit filename="Headers/Miscs/effect_lavasplash.hpp" />
		<Unit filename="Headers/Miscs/effect_score.hpp" />
		<Unit filename="Headers/Miscs/effect_shard.hpp" />
		<Unit filename="Headers/Miscs/effect_splash.hpp" />
		<Unit filename="Headers/Miscs/projectile_beet.hpp" />
		<Unit filename="Headers/Miscs/projectile_bulletbill.hpp" />
		<Unit filename="Headers/Miscs/projectile_enemybeet.hpp" />
		<Unit filename="Headers/Miscs/projectile_enemyfireball.hpp" />
		<Unit filename="Headers/Miscs/projectile_fireball.hpp" />
		<Unit filename="Headers/Miscs/projectile_flame.hpp" />
		<Unit filename="Headers/Miscs/projectile_hammer.hpp" />
		<Unit filename="Headers/Miscs/projectile_lava.hpp" />
		<Unit filename="Headers/Miscs/projectile_plantfireball.hpp" />
		<Unit filename="Headers/Miscs/projectile_podoboo.hpp" />
		<Unit filename="Headers/Miscs/projectile_silverhammer.hpp" />
		<Unit filename="Headers/Miscs/projectile_spike.hpp" />
		<Unit filename="Headers/Sceneries/scenery_bush.hpp" />
		<Unit filename="Headers/Sceneries/scenery_cloud.hpp" />
		<Unit filename="Headers/Sceneries/scenery_static.hpp" />
		<Unit filename="Headers/Sprites/fallable.hpp" />
		<Unit filename="Headers/Sprites/gotcollision.hpp" />
		<Unit filename="Headers/Sprites/gotspeed.hpp" />
		<Unit filename="Headers/Sprites/sprite_beet.hpp" />
		<Unit filename="Headers/Sprites/sprite_beetbro.hpp" />
		<Unit filename="Headers/Sprites/sprite_bowser.hpp" />
		<Unit filename="Headers/Sprites/sprite_brother.hpp" />
		<Unit filename="Headers/Sprites/sprite_buzzybeetle.hpp" />
		<Unit filename="Headers/Sprites/sprite_cheepcheep.hpp" />
		<Unit filename="Headers/Sprites/sprite_cheepcheepblue.hpp" />
		<Unit filename="Headers/Sprites/sprite_cheepcheepgreen.hpp" />
		<Unit filename="Headers/Sprites/sprite_cheepcheepred.hpp" />
		<Unit filename="Headers/Sprites/sprite_cheepcheepyellow.hpp" />
		<Unit filename="Headers/Sprites/sprite_firebro.hpp" />
		<Unit filename="Headers/Sprites/sprite_flower.hpp" />
		<Unit filename="Headers/Sprites/sprite_goomba.hpp" />
		<Unit filename="Headers/Sprites/sprite_goombagrey.hpp" />
		<Unit filename="Headers/Sprites/sprite_hammerbro.hpp" />
		<Unit filename="Headers/Sprites/sprite_koopa.hpp" />
		<Unit filename="Headers/Sprites/sprite_koopablue.hpp" />
		<Unit filename="Headers/Sprites/sprite_koopagreen.hpp" />
		<Unit filename="Headers/Sprites/sprite_koopared.hpp" />
		<Unit filename="Headers/Sprites/sprite_koopayellow.hpp" />
		<Unit filename="Headers/Sprites/sprite_lakitu.hpp" />
		<Unit filename="Headers/Sprites/sprite_lakitudark.hpp" />
		<Unit filename="Headers/Sprites/sprite_lakitugold.hpp" />
		<Unit filename="Headers/Sprites/sprite_lakituwhite.hpp" />
		<Unit filename="Headers/Sprites/sprite_life.hpp" />
		<Unit filename="Headers/Sprites/sprite_lui.hpp" />
		<Unit filename="Headers/Sprites/sprite_mushroom.hpp" />
		<Unit filename="Headers/Sprites/sprite_paratroopa.hpp" />
		<Unit filename="Headers/Sprites/sprite_paratroopablueh.hpp" />
		<Unit filename="Headers/Sprites/sprite_paratroopabluej.hpp" />
		<Unit filename="Headers/Sprites/sprite_paratroopabluev.hpp" />
		<Unit filename="Headers/Sprites/sprite_paratroopagreenh.hpp" />
		<Unit filename="Headers/Sprites/sprite_paratroopagreenj.hpp" />
		<Unit filename="Headers/Sprites/sprite_paratroopagreenv.hpp" />
		<Unit filename="Headers/Sprites/sprite_paratrooparedh.hpp" />
		<Unit filename="Headers/Sprites/sprite_paratrooparedj.hpp" />
		<Unit filename="Headers/Sprites/sprite_paratrooparedv.hpp" />
		<Unit filename="Headers/Sprites/sprite_paratroopayellow.hpp" />
		<Unit filename="Headers/Sprites/sprite_plantb.hpp" />
		<Unit filename="Headers/Sprites/sprite_plantfireb.hpp" />
		<Unit filename="Headers/Sprites/sprite_plantfirel.hpp" />
		<Unit filename="Headers/Sprites/sprite_plantfirer.hpp" />
		<Unit filename="Headers/Sprites/sprite_plantfiret.hpp" />
		<Unit filename="Headers/Sprites/sprite_plantgreenb.hpp" />
		<Unit filename="Headers/Sprites/sprite_plantgreenl.hpp" />
		<Unit filename="Headers/Sprites/sprite_plantgreenr.hpp" />
		<Unit filename="Headers/Sprites/sprite_plantgreent.hpp" />
		<Unit filename="Headers/Sprites/sprite_plantgreyb.hpp" />
		<Unit filename="Headers/Sprites/sprite_plantgreyl.hpp" />
		<Unit filename="Headers/Sprites/sprite_plantgreyr.hpp" />
		<Unit filename="Headers/Sprites/sprite_plantgreyt.hpp" />
		<Unit filename="Headers/Sprites/sprite_plantl.hpp" />
		<Unit filename="Headers/Sprites/sprite_plantr.hpp" />
		<Unit filename="Headers/Sprites/sprite_plantt.hpp" />
		<Unit filename="Headers/Sprites/sprite_poison.hpp" />
		<Unit filename="Headers/Sprites/sprite_silverbro.hpp" />
		<Unit filename="Headers/Sprites/sprite_spikebro.hpp" />
		<Unit filename="Headers/Sprites/sprite_spiny.hpp" />
		<Unit filename="Headers/Sprites/sprite_spinyball.hpp" />
		<Unit filename="Headers/Sprites/sprite_spinygrey.hpp" />
		<Unit filename="Headers/Sprites/sprite_spinygreyball.hpp" />
		<Unit filename="Headers/Sprites/sprite_star.hpp" />
		<Unit filename="Headers/Sprites/sprite_throwedcoin.hpp" />
		<Unit filename="Headers/Sprites/sprite_thwompb.hpp" />
		<Unit filename="Headers/Sprites/sprite_thwompt.hpp" />
		<Unit filename="Headers/Sprites/walkable.hpp" />
		<Unit filename="Headers/globals.hpp" />
		<Unit filename="Resource/resources.rc">
			<Option compilerVar="WINDRES" />
		</Unit>
		<Unit filename="Sources/Bonuses/bonus_beetblock.cpp" />
		<Unit filename="Sources/Bonuses/bonus_beetblockinv.cpp" />
		<Unit filename="Sources/Bonuses/bonus_block.cpp" />
		<Unit filename="Sources/Bonuses/bonus_blockinv.cpp" />
		<Unit filename="Sources/Bonuses/bonus_brick.cpp" />
		<Unit filename="Sources/Bonuses/bonus_coin.cpp" />
		<Unit filename="Sources/Bonuses/bonus_coinblock.cpp" />
		<Unit filename="Sources/Bonuses/bonus_coinblockinv.cpp" />
		<Unit filename="Sources/Bonuses/bonus_coinbrick.cpp" />
		<Unit filename="Sources/Bonuses/bonus_flowerblock.cpp" />
		<Unit filename="Sources/Bonuses/bonus_flowerblockinv.cpp" />
		<Unit filename="Sources/Bonuses/bonus_lifeblock.cpp" />
		<Unit filename="Sources/Bonuses/bonus_lifeblockinv.cpp" />
		<Unit filename="Sources/Bonuses/bonus_luiblock.cpp" />
		<Unit filename="Sources/Bonuses/bonus_luiblockinv.cpp" />
		<Unit filename="Sources/Bonuses/bonus_mushroomblock.cpp" />
		<Unit filename="Sources/Bonuses/bonus_mushroomblockinv.cpp" />
		<Unit filename="Sources/Bonuses/bonus_poisonblock.cpp" />
		<Unit filename="Sources/Bonuses/bonus_poisonblockinv.cpp" />
		<Unit filename="Sources/Bonuses/bonus_starblock.cpp" />
		<Unit filename="Sources/Bonuses/bonus_starblockinv.cpp" />
		<Unit filename="Sources/Core/effect.cpp" />
		<Unit filename="Sources/Core/matrix.cpp" />
		<Unit filename="Sources/Core/pawn.cpp" />
		<Unit filename="Sources/Core/placeable.cpp" />
		<Unit filename="Sources/Core/platformfall.cpp" />
		<Unit filename="Sources/Core/platformmov.cpp" />
		<Unit filename="Sources/Core/projectile.cpp" />
		<Unit filename="Sources/Graphics/button.cpp" />
		<Unit filename="Sources/Graphics/case.cpp" />
		<Unit filename="Sources/Graphics/centipedeentity.cpp" />
		<Unit filename="Sources/Graphics/checkbutton.cpp" />
		<Unit filename="Sources/Graphics/dragger.cpp" />
		<Unit filename="Sources/Graphics/elementbutton.cpp" />
		<Unit filename="Sources/Graphics/emitter.cpp" />
		<Unit filename="Sources/Graphics/entity.cpp" />
		<Unit filename="Sources/Graphics/entityj.cpp" />
		<Unit filename="Sources/Graphics/entitymultitext.cpp" />
		<Unit filename="Sources/Graphics/entityrotation.cpp" />
		<Unit filename="Sources/Graphics/entwarps.cpp" />
		<Unit filename="Sources/Graphics/fallplatformentity.cpp" />
		<Unit filename="Sources/Graphics/horizontalenemyentity.cpp" />
		<Unit filename="Sources/Graphics/horizontalplatformentity.cpp" />
		<Unit filename="Sources/Graphics/infobutton.cpp" />
		<Unit filename="Sources/Graphics/levelendentity.cpp" />
		<Unit filename="Sources/Graphics/lightentity.cpp" />
		<Unit filename="Sources/Graphics/markerentity.cpp" />
		<Unit filename="Sources/Graphics/podoboodentity.cpp" />
		<Unit filename="Sources/Graphics/podobooentity.cpp" />
		<Unit filename="Sources/Graphics/podoboolentity.cpp" />
		<Unit filename="Sources/Graphics/podoboorentity.cpp" />
		<Unit filename="Sources/Graphics/regulator.cpp" />
		<Unit filename="Sources/Graphics/rotodiscentity.cpp" />
		<Unit filename="Sources/Graphics/spritefont.cpp" />
		<Unit filename="Sources/Graphics/tile.cpp" />
		<Unit filename="Sources/Graphics/trace.cpp" />
		<Unit filename="Sources/Graphics/trigger.cpp" />
		<Unit filename="Sources/Graphics/verticalenemyentity.cpp" />
		<Unit filename="Sources/Graphics/verticalplatformentity.cpp" />
		<Unit filename="Sources/Hazards/hazard_cannon.cpp" />
		<Unit filename="Sources/Hazards/hazard_cannonhb.cpp" />
		<Unit filename="Sources/Hazards/hazard_cannonhoming.cpp" />
		<Unit filename="Sources/Hazards/hazard_cannonhominghb.cpp" />
		<Unit filename="Sources/Hazards/hazard_cannonhominght.cpp" />
		<Unit filename="Sources/Hazards/hazard_cannonhomingvl.cpp" />
		<Unit filename="Sources/Hazards/hazard_cannonhomingvr.cpp" />
		<Unit filename="Sources/Hazards/hazard_cannonht.cpp" />
		<Unit filename="Sources/Hazards/hazard_cannonvl.cpp" />
		<Unit filename="Sources/Hazards/hazard_cannonvr.cpp" />
		<Unit filename="Sources/Hazards/hazard_centipede.cpp" />
		<Unit filename="Sources/Hazards/hazard_lava.cpp" />
		<Unit filename="Sources/Hazards/hazard_lavab.cpp" />
		<Unit filename="Sources/Hazards/hazard_laval.cpp" />
		<Unit filename="Sources/Hazards/hazard_lavalauncher.cpp" />
		<Unit filename="Sources/Hazards/hazard_lavalauncherl.cpp" />
		<Unit filename="Sources/Hazards/hazard_lavalauncherr.cpp" />
		<Unit filename="Sources/Hazards/hazard_lavalaunchervl.cpp" />
		<Unit filename="Sources/Hazards/hazard_lavalaunchervr.cpp" />
		<Unit filename="Sources/Hazards/hazard_lavar.cpp" />
		<Unit filename="Sources/Hazards/hazard_lavat.cpp" />
		<Unit filename="Sources/Hazards/hazard_podoboo.cpp" />
		<Unit filename="Sources/Hazards/hazard_podoboob.cpp" />
		<Unit filename="Sources/Hazards/hazard_podoboofountain.cpp" />
		<Unit filename="Sources/Hazards/hazard_podoboofountainb.cpp" />
		<Unit filename="Sources/Hazards/hazard_podoboofountainl.cpp" />
		<Unit filename="Sources/Hazards/hazard_podoboofountainr.cpp" />
		<Unit filename="Sources/Hazards/hazard_podoboofountaint.cpp" />
		<Unit filename="Sources/Hazards/hazard_podobool.cpp" />
		<Unit filename="Sources/Hazards/hazard_podoboor.cpp" />
		<Unit filename="Sources/Hazards/hazard_podoboot.cpp" />
		<Unit filename="Sources/Hazards/hazard_rotodisc.cpp" />
		<Unit filename="Sources/Hazards/hazard_rotodiscc.cpp" />
		<Unit filename="Sources/Hazards/hazard_rotodisccc.cpp" />
		<Unit filename="Sources/Hazards/hazard_rotodiscrc.cpp" />
		<Unit filename="Sources/Hazards/hazard_rotodiscrcc.cpp" />
		<Unit filename="Sources/Hazards/hazard_spike.cpp" />
		<Unit filename="Sources/Hazards/hazard_spikelauncher.cpp" />
		<Unit filename="Sources/Hazards/hazard_spikelauncherb.cpp" />
		<Unit filename="Sources/Hazards/hazard_spikelaunchert.cpp" />
		<Unit filename="Sources/Marks/mark_checkpoint.cpp" />
		<Unit filename="Sources/Marks/mark_lavaplane.cpp" />
		<Unit filename="Sources/Marks/mark_levelend.cpp" />
		<Unit filename="Sources/Marks/mark_mario.cpp" />
		<Unit filename="Sources/Marks/mark_platformcloudfall.cpp" />
		<Unit filename="Sources/Marks/mark_platformcloudmoveh.cpp" />
		<Unit filename="Sources/Marks/mark_platformcloudmovev.cpp" />
		<Unit filename="Sources/Marks/mark_platformcloudtouchh.cpp" />
		<Unit filename="Sources/Marks/mark_platformcloudtouchv.cpp" />
		<Unit filename="Sources/Marks/mark_platformredfall.cpp" />
		<Unit filename="Sources/Marks/mark_platformredmoveh.cpp" />
		<Unit filename="Sources/Marks/mark_platformredmovev.cpp" />
		<Unit filename="Sources/Marks/mark_platformredtouchh.cpp" />
		<Unit filename="Sources/Marks/mark_platformredtouchv.cpp" />
		<Unit filename="Sources/Marks/mark_platformshortfall.cpp" />
		<Unit filename="Sources/Marks/mark_platformshortmoveh.cpp" />
		<Unit filename="Sources/Marks/mark_platformshortmovev.cpp" />
		<Unit filename="Sources/Marks/mark_platformshorttouchh.cpp" />
		<Unit filename="Sources/Marks/mark_platformshorttouchv.cpp" />
		<Unit filename="Sources/Marks/mark_platformstonefall.cpp" />
		<Unit filename="Sources/Marks/mark_platformstonemoveh.cpp" />
		<Unit filename="Sources/Marks/mark_platformstonemovev.cpp" />
		<Unit filename="Sources/Marks/mark_platformstonetouchh.cpp" />
		<Unit filename="Sources/Marks/mark_platformstonetouchv.cpp" />
		<Unit filename="Sources/Marks/mark_spring.cpp" />
		<Unit filename="Sources/Marks/mark_waterplane.cpp" />
		<Unit filename="Sources/Miscs/effect_coin.cpp" />
		<Unit filename="Sources/Miscs/effect_fire.cpp" />
		<Unit filename="Sources/Miscs/effect_lavasplash.cpp" />
		<Unit filename="Sources/Miscs/effect_score.cpp" />
		<Unit filename="Sources/Miscs/effect_shard.cpp" />
		<Unit filename="Sources/Miscs/effect_splash.cpp" />
		<Unit filename="Sources/Miscs/projectile_beet.cpp" />
		<Unit filename="Sources/Miscs/projectile_bulletbill.cpp" />
		<Unit filename="Sources/Miscs/projectile_enemybeet.cpp" />
		<Unit filename="Sources/Miscs/projectile_enemyfireball.cpp" />
		<Unit filename="Sources/Miscs/projectile_fireball.cpp" />
		<Unit filename="Sources/Miscs/projectile_flame.cpp" />
		<Unit filename="Sources/Miscs/projectile_hammer.cpp" />
		<Unit filename="Sources/Miscs/projectile_lava.cpp" />
		<Unit filename="Sources/Miscs/projectile_plantfireball.cpp" />
		<Unit filename="Sources/Miscs/projectile_podoboo.cpp" />
		<Unit filename="Sources/Miscs/projectile_silverhammer.cpp" />
		<Unit filename="Sources/Miscs/projectile_spike.cpp" />
		<Unit filename="Sources/Sceneries/scenery_bush.cpp" />
		<Unit filename="Sources/Sceneries/scenery_cloud.cpp" />
		<Unit filename="Sources/Sceneries/scenery_static.cpp" />
		<Unit filename="Sources/Scenes/editor.cpp" />
		<Unit filename="Sources/Scenes/ingame.cpp" />
		<Unit filename="Sources/Scenes/logo.cpp" />
		<Unit filename="Sources/Scenes/title.cpp" />
		<Unit filename="Sources/Scenes/worldeditor.cpp" />
		<Unit filename="Sources/Sprites/fallable.cpp" />
		<Unit filename="Sources/Sprites/sprite_beet.cpp" />
		<Unit filename="Sources/Sprites/sprite_beetbro.cpp" />
		<Unit filename="Sources/Sprites/sprite_bowser.cpp" />
		<Unit filename="Sources/Sprites/sprite_brother.cpp" />
		<Unit filename="Sources/Sprites/sprite_buzzybeetle.cpp" />
		<Unit filename="Sources/Sprites/sprite_cheepcheep.cpp" />
		<Unit filename="Sources/Sprites/sprite_cheepcheepblue.cpp" />
		<Unit filename="Sources/Sprites/sprite_cheepcheepgreen.cpp" />
		<Unit filename="Sources/Sprites/sprite_cheepcheepred.cpp" />
		<Unit filename="Sources/Sprites/sprite_cheepcheepyellow.cpp" />
		<Unit filename="Sources/Sprites/sprite_firebro.cpp" />
		<Unit filename="Sources/Sprites/sprite_flower.cpp" />
		<Unit filename="Sources/Sprites/sprite_goomba.cpp" />
		<Unit filename="Sources/Sprites/sprite_goombagrey.cpp" />
		<Unit filename="Sources/Sprites/sprite_hammerbro.cpp" />
		<Unit filename="Sources/Sprites/sprite_koopa.cpp" />
		<Unit filename="Sources/Sprites/sprite_koopablue.cpp" />
		<Unit filename="Sources/Sprites/sprite_koopagreen.cpp" />
		<Unit filename="Sources/Sprites/sprite_koopared.cpp" />
		<Unit filename="Sources/Sprites/sprite_koopayellow.cpp" />
		<Unit filename="Sources/Sprites/sprite_lakitu.cpp" />
		<Unit filename="Sources/Sprites/sprite_lakitudark.cpp" />
		<Unit filename="Sources/Sprites/sprite_lakitugold.cpp" />
		<Unit filename="Sources/Sprites/sprite_lakituwhite.cpp" />
		<Unit filename="Sources/Sprites/sprite_life.cpp" />
		<Unit filename="Sources/Sprites/sprite_lui.cpp" />
		<Unit filename="Sources/Sprites/sprite_mushroom.cpp" />
		<Unit filename="Sources/Sprites/sprite_paratroopa.cpp" />
		<Unit filename="Sources/Sprites/sprite_paratroopablueh.cpp" />
		<Unit filename="Sources/Sprites/sprite_paratroopabluej.cpp" />
		<Unit filename="Sources/Sprites/sprite_paratroopabluev.cpp" />
		<Unit filename="Sources/Sprites/sprite_paratroopagreenh.cpp" />
		<Unit filename="Sources/Sprites/sprite_paratroopagreenj.cpp" />
		<Unit filename="Sources/Sprites/sprite_paratroopagreenv.cpp" />
		<Unit filename="Sources/Sprites/sprite_paratrooparedh.cpp" />
		<Unit filename="Sources/Sprites/sprite_paratrooparedj.cpp" />
		<Unit filename="Sources/Sprites/sprite_paratrooparedv.cpp" />
		<Unit filename="Sources/Sprites/sprite_paratroopayellow.cpp" />
		<Unit filename="Sources/Sprites/sprite_plantb.cpp" />
		<Unit filename="Sources/Sprites/sprite_plantfireb.cpp" />
		<Unit filename="Sources/Sprites/sprite_plantfirel.cpp" />
		<Unit filename="Sources/Sprites/sprite_plantfirer.cpp" />
		<Unit filename="Sources/Sprites/sprite_plantfiret.cpp" />
		<Unit filename="Sources/Sprites/sprite_plantgreenb.cpp" />
		<Unit filename="Sources/Sprites/sprite_plantgreenl.cpp" />
		<Unit filename="Sources/Sprites/sprite_plantgreenr.cpp" />
		<Unit filename="Sources/Sprites/sprite_plantgreent.cpp" />
		<Unit filename="Sources/Sprites/sprite_plantgreyb.cpp" />
		<Unit filename="Sources/Sprites/sprite_plantgreyl.cpp" />
		<Unit filename="Sources/Sprites/sprite_plantgreyr.cpp" />
		<Unit filename="Sources/Sprites/sprite_plantgreyt.cpp" />
		<Unit filename="Sources/Sprites/sprite_plantl.cpp" />
		<Unit filename="Sources/Sprites/sprite_plantr.cpp" />
		<Unit filename="Sources/Sprites/sprite_plantt.cpp" />
		<Unit filename="Sources/Sprites/sprite_poison.cpp" />
		<Unit filename="Sources/Sprites/sprite_silverbro.cpp" />
		<Unit filename="Sources/Sprites/sprite_spikebro.cpp" />
		<Unit filename="Sources/Sprites/sprite_spiny.cpp" />
		<Unit filename="Sources/Sprites/sprite_spinyball.cpp" />
		<Unit filename="Sources/Sprites/sprite_spinygrey.cpp" />
		<Unit filename="Sources/Sprites/sprite_spinygreyball.cpp" />
		<Unit filename="Sources/Sprites/sprite_star.cpp" />
		<Unit filename="Sources/Sprites/sprite_throwedcoin.cpp" />
		<Unit filename="Sources/Sprites/sprite_thwompb.cpp" />
		<Unit filename="Sources/Sprites/sprite_thwompt.cpp" />
		<Unit filename="Sources/Sprites/walkable.cpp" />
		<Unit filename="Sources/main.cpp" />
		<Extensions>
			<code_completion />
			<envvars />
			<debugger />
			<lib_finder disable_auto="1" />
		</Extensions>
	</Project>
</CodeBlocks_project_file>
